
Microsoft Visual Studio Solution File, Format Version 12.00
Project("{FAE04EC0-301F-11D3-BF4B-00C04F79EFBC}") = "Graphy", "Graphy\Graphy.csproj", "{3D38EB0F-7E34-4C6A-A9E6-ACE869BB3727}"
EndProject
Global
	GlobalSection(SolutionConfigurationPlatforms) = preSolution
		Debug|Any CPU = Debug|Any CPU
		Release|Any CPU = Release|Any CPU
	EndGlobalSection
	GlobalSection(ProjectConfigurationPlatforms) = postSolution
		{3D38EB0F-7E34-4C6A-A9E6-ACE869BB3727}.Debug|Any CPU.ActiveCfg = Debug|Any CPU
		{3D38EB0F-7E34-4C6A-A9E6-ACE869BB3727}.Debug|Any CPU.Build.0 = Debug|Any CPU
		{3D38EB0F-7E34-4C6A-A9E6-ACE869BB3727}.Release|Any CPU.ActiveCfg = Release|Any CPU
		{3D38EB0F-7E34-4C6A-A9E6-ACE869BB3727}.Release|Any CPU.Build.0 = Release|Any CPU
	EndGlobalSection
EndGlobal
